
Microsoft Visual Studio Solution File, Format Version 12.00
# Visual Studio Version 17
VisualStudioVersion = 17.10.35004.147
MinimumVisualStudioVersion = 10.0.40219.1
Project("{9A19103F-16F7-4668-BE54-9A1E7A4F7556}") = "Quarto _Mese_BW", "Quarto _Mese_BW.csproj", "{810A290F-6CFD-4776-9806-889997583291}"
EndProject
Global
	GlobalSection(SolutionConfigurationPlatforms) = preSolution
		Debug|Any CPU = Debug|Any CPU
		Release|Any CPU = Release|Any CPU
	EndGlobalSection
	GlobalSection(ProjectConfigurationPlatforms) = postSolution
		{810A290F-6CFD-4776-9806-889997583291}.Debug|Any CPU.ActiveCfg = Debug|Any CPU
		{810A290F-6CFD-4776-9806-889997583291}.Debug|Any CPU.Build.0 = Debug|Any CPU
		{810A290F-6CFD-4776-9806-889997583291}.Release|Any CPU.ActiveCfg = Release|Any CPU
		{810A290F-6CFD-4776-9806-889997583291}.Release|Any CPU.Build.0 = Release|Any CPU
	EndGlobalSection
	GlobalSection(SolutionProperties) = preSolution
		HideSolutionNode = FALSE
	EndGlobalSection
	GlobalSection(ExtensibilityGlobals) = postSolution
		SolutionGuid = {5F5FB3D1-74D2-429F-BC80-304A0BF88729}
	EndGlobalSection
EndGlobal
