
Microsoft Visual Studio Solution File, Format Version 12.00
# Visual Studio Version 17
VisualStudioVersion = 17.10.35013.160
MinimumVisualStudioVersion = 10.0.40219.1
Project("{9A19103F-16F7-4668-BE54-9A1E7A4F7556}") = "Quarto _Mese_BW", "Quarto _Mese_BW.csproj", "{770095D6-E231-4553-97BB-E800B2AFECF3}"
EndProject
Global
	GlobalSection(SolutionConfigurationPlatforms) = preSolution
		Debug|Any CPU = Debug|Any CPU
		Release|Any CPU = Release|Any CPU
	EndGlobalSection
	GlobalSection(ProjectConfigurationPlatforms) = postSolution
		{770095D6-E231-4553-97BB-E800B2AFECF3}.Debug|Any CPU.ActiveCfg = Debug|Any CPU
		{770095D6-E231-4553-97BB-E800B2AFECF3}.Debug|Any CPU.Build.0 = Debug|Any CPU
		{770095D6-E231-4553-97BB-E800B2AFECF3}.Release|Any CPU.ActiveCfg = Release|Any CPU
		{770095D6-E231-4553-97BB-E800B2AFECF3}.Release|Any CPU.Build.0 = Release|Any CPU
	EndGlobalSection
	GlobalSection(SolutionProperties) = preSolution
		HideSolutionNode = FALSE
	EndGlobalSection
	GlobalSection(ExtensibilityGlobals) = postSolution
		SolutionGuid = {C19F5947-F9EB-4778-A24D-0279136F8EE4}
	EndGlobalSection
EndGlobal
